
Microsoft Visual Studio Solution File, Format Version 12.00
# Visual Studio 14
VisualStudioVersion = 14.0.24720.0
MinimumVisualStudioVersion = 10.0.40219.1
Project("{FAE04EC0-301F-11D3-BF4B-00C04F79EFBC}") = "Biblioteka", "Biblioteka\Biblioteka.csproj", "{758B5664-D547-475F-A722-B811960ECE6C}"
EndProject
Project("{FAE04EC0-301F-11D3-BF4B-00C04F79EFBC}") = "Biblioteka.Tests", "Biblioteka.Tests\Biblioteka.Tests.csproj", "{C1FF92F3-7FAA-49F7-8BB6-4D0F9CAED931}"
EndProject
Global
	GlobalSection(SolutionConfigurationPlatforms) = preSolution
		Debug|Any CPU = Debug|Any CPU
		Release|Any CPU = Release|Any CPU
	EndGlobalSection
	GlobalSection(ProjectConfigurationPlatforms) = postSolution
		{758B5664-D547-475F-A722-B811960ECE6C}.Debug|Any CPU.ActiveCfg = Debug|Any CPU
		{758B5664-D547-475F-A722-B811960ECE6C}.Debug|Any CPU.Build.0 = Debug|Any CPU
		{758B5664-D547-475F-A722-B811960ECE6C}.Release|Any CPU.ActiveCfg = Release|Any CPU
		{758B5664-D547-475F-A722-B811960ECE6C}.Release|Any CPU.Build.0 = Release|Any CPU
		{C1FF92F3-7FAA-49F7-8BB6-4D0F9CAED931}.Debug|Any CPU.ActiveCfg = Debug|Any CPU
		{C1FF92F3-7FAA-49F7-8BB6-4D0F9CAED931}.Debug|Any CPU.Build.0 = Debug|Any CPU
		{C1FF92F3-7FAA-49F7-8BB6-4D0F9CAED931}.Release|Any CPU.ActiveCfg = Release|Any CPU
		{C1FF92F3-7FAA-49F7-8BB6-4D0F9CAED931}.Release|Any CPU.Build.0 = Release|Any CPU
	EndGlobalSection
	GlobalSection(SolutionProperties) = preSolution
		HideSolutionNode = FALSE
	EndGlobalSection
EndGlobal
